
Microsoft Visual Studio Solution File, Format Version 11.00
# Visual Studio 2010
Project("{888888A0-9F3D-457C-B088-3A5042F75D52}") = "HH_glycopeptide", "HH_glycopeptide.pyproj", "{A12F05FC-405C-4518-895D-655A3C7968AF}"
EndProject
Global
	GlobalSection(SolutionConfigurationPlatforms) = preSolution
		Debug|Any CPU = Debug|Any CPU
		Release|Any CPU = Release|Any CPU
	EndGlobalSection
	GlobalSection(ProjectConfigurationPlatforms) = postSolution
		{A12F05FC-405C-4518-895D-655A3C7968AF}.Debug|Any CPU.ActiveCfg = Debug|Any CPU
		{A12F05FC-405C-4518-895D-655A3C7968AF}.Debug|Any CPU.Build.0 = Debug|Any CPU
		{A12F05FC-405C-4518-895D-655A3C7968AF}.Release|Any CPU.ActiveCfg = Release|Any CPU
		{A12F05FC-405C-4518-895D-655A3C7968AF}.Release|Any CPU.Build.0 = Release|Any CPU
	EndGlobalSection
	GlobalSection(SolutionProperties) = preSolution
		HideSolutionNode = FALSE
	EndGlobalSection
EndGlobal
